
Microsoft Visual Studio Solution File, Format Version 12.00
# Visual Studio Version 16
VisualStudioVersion = 16.0.29728.190
MinimumVisualStudioVersion = 10.0.40219.1
Project("{FAE04EC0-301F-11D3-BF4B-00C04F79EFBC}") = "Criptografia", "Criptografia\Criptografia.csproj", "{E15007F6-C0D7-42DA-BBC5-E3BDD1CA91BB}"
EndProject
Global
	GlobalSection(SolutionConfigurationPlatforms) = preSolution
		Debug|Any CPU = Debug|Any CPU
		Release|Any CPU = Release|Any CPU
	EndGlobalSection
	GlobalSection(ProjectConfigurationPlatforms) = postSolution
		{E15007F6-C0D7-42DA-BBC5-E3BDD1CA91BB}.Debug|Any CPU.ActiveCfg = Debug|Any CPU
		{E15007F6-C0D7-42DA-BBC5-E3BDD1CA91BB}.Debug|Any CPU.Build.0 = Debug|Any CPU
		{E15007F6-C0D7-42DA-BBC5-E3BDD1CA91BB}.Release|Any CPU.ActiveCfg = Release|Any CPU
		{E15007F6-C0D7-42DA-BBC5-E3BDD1CA91BB}.Release|Any CPU.Build.0 = Release|Any CPU
	EndGlobalSection
	GlobalSection(SolutionProperties) = preSolution
		HideSolutionNode = FALSE
	EndGlobalSection
	GlobalSection(ExtensibilityGlobals) = postSolution
		SolutionGuid = {B3618BDC-D41B-45C1-B87A-78C537E9AAB8}
	EndGlobalSection
EndGlobal
